{
  "nodes": {
    "nixpkgs": {
      "locked": {
        "lastModified": 1781577229,
        "narHash": "sha256-lrp67w8AulE9Ks53n27I45ADSzbOCn4H+CNW1Ck8B+8=",
        "owner": "NixOS",
        "repo": "nixpkgs",
        "rev": "567a49d1913ce81ac6e9582e3553dd90a955875f",
        "type": "github"
      },
      "original": {
        "owner": "NixOS",
        "ref": "nixos-unstable",
        "repo": "nixpkgs",
        "type": "github"
      }
    },
    "root": {
      "inputs": {
        "nixpkgs": "nixpkgs",
        "termix-src": "termix-src"
      }
    },
    "termix-src": {
      "flake": false,
      "locked": {
        "lastModified": 1786045299,
        "narHash": "sha256-AU783RbG4w2UuDFJVZtxCwtLUp5OwqulCYsDE/175PM=",
        "owner": "Termix-SSH",
        "repo": "Termix",
        "rev": "a64c956c5b460d22d3772d77e639361bc62b2dae",
        "type": "github"
      },
      "original": {
        "owner": "Termix-SSH",
        "repo": "Termix",
        "type": "github"
      }
    }
  },
  "root": "root",
  "version": 7
}
