{
  "nodes": {
    "nixpkgs": {
      "locked": {
        "lastModified": 1781577229,
        "narHash": "sha256-lrp67w8AulE9Ks53n27I45ADSzbOCn4H+CNW1Ck8B+8=",
        "owner": "NixOS",
        "repo": "nixpkgs",
        "rev": "567a49d1913ce81ac6e9582e3553dd90a955875f",
        "type": "github"
      },
      "original": {
        "owner": "NixOS",
        "ref": "nixos-unstable",
        "repo": "nixpkgs",
        "type": "github"
      }
    },
    "root": {
      "inputs": {
        "nixpkgs": "nixpkgs",
        "termix-src": "termix-src"
      }
    },
    "termix-src": {
      "flake": false,
      "locked": {
        "lastModified": 1782764176,
        "narHash": "sha256-8CKze7pQUCFFGFrkyZIv4qttiLDasFd0GFoXc1shWX0=",
        "owner": "Termix-SSH",
        "repo": "Termix",
        "rev": "4fbaf50e085b99015e438143ee0b04cad36a8a15",
        "type": "github"
      },
      "original": {
        "owner": "Termix-SSH",
        "repo": "Termix",
        "type": "github"
      }
    }
  },
  "root": "root",
  "version": 7
}
